
Microsoft Visual Studio Solution File, Format Version 12.00
# Visual Studio 2012
Project("{FAE04EC0-301F-11D3-BF4B-00C04F79EFBC}") = "PadCRM", "PadCRM\PadCRM.csproj", "{BA36BC16-6047-45E3-9B2E-7DBA3FF50900}"
EndProject
Project("{FAE04EC0-301F-11D3-BF4B-00C04F79EFBC}") = "Maitonn.Core", "..\WebSite\Maitonn.Core\Maitonn.Core.csproj", "{8404C3A7-9F29-4C74-9913-165BAE8C86DB}"
EndProject
Global
	GlobalSection(SolutionConfigurationPlatforms) = preSolution
		Debug|Any CPU = Debug|Any CPU
		Release|Any CPU = Release|Any CPU
	EndGlobalSection
	GlobalSection(ProjectConfigurationPlatforms) = postSolution
		{BA36BC16-6047-45E3-9B2E-7DBA3FF50900}.Debug|Any CPU.ActiveCfg = Debug|Any CPU
		{BA36BC16-6047-45E3-9B2E-7DBA3FF50900}.Debug|Any CPU.Build.0 = Debug|Any CPU
		{BA36BC16-6047-45E3-9B2E-7DBA3FF50900}.Release|Any CPU.ActiveCfg = Release|Any CPU
		{BA36BC16-6047-45E3-9B2E-7DBA3FF50900}.Release|Any CPU.Build.0 = Release|Any CPU
		{8404C3A7-9F29-4C74-9913-165BAE8C86DB}.Debug|Any CPU.ActiveCfg = Debug|Any CPU
		{8404C3A7-9F29-4C74-9913-165BAE8C86DB}.Debug|Any CPU.Build.0 = Debug|Any CPU
		{8404C3A7-9F29-4C74-9913-165BAE8C86DB}.Release|Any CPU.ActiveCfg = Release|Any CPU
		{8404C3A7-9F29-4C74-9913-165BAE8C86DB}.Release|Any CPU.Build.0 = Release|Any CPU
	EndGlobalSection
	GlobalSection(SolutionProperties) = preSolution
		HideSolutionNode = FALSE
	EndGlobalSection
EndGlobal
